
Microsoft Visual Studio Solution File, Format Version 12.00
# Visual Studio Version 17
VisualStudioVersion = 17.3.32825.248
MinimumVisualStudioVersion = 10.0.40219.1
Project("{9A19103F-16F7-4668-BE54-9A1E7A4F7556}") = "OtisFunctions", "OtisFunctions\OtisFunctions.csproj", "{4D050722-6F4F-4547-A3C9-03F9F0AE542A}"
EndProject
Project("{9A19103F-16F7-4668-BE54-9A1E7A4F7556}") = "OtisFunctions.Tests", "OtisFunctions.Tests\OtisFunctions.Tests.csproj", "{21A056B6-D2D7-4E82-B544-D1FE31045692}"
EndProject
Global
	GlobalSection(SolutionConfigurationPlatforms) = preSolution
		Debug|Any CPU = Debug|Any CPU
		Release|Any CPU = Release|Any CPU
	EndGlobalSection
	GlobalSection(ProjectConfigurationPlatforms) = postSolution
		{4D050722-6F4F-4547-A3C9-03F9F0AE542A}.Debug|Any CPU.ActiveCfg = Debug|Any CPU
		{4D050722-6F4F-4547-A3C9-03F9F0AE542A}.Debug|Any CPU.Build.0 = Debug|Any CPU
		{4D050722-6F4F-4547-A3C9-03F9F0AE542A}.Release|Any CPU.ActiveCfg = Release|Any CPU
		{4D050722-6F4F-4547-A3C9-03F9F0AE542A}.Release|Any CPU.Build.0 = Release|Any CPU
		{21A056B6-D2D7-4E82-B544-D1FE31045692}.Debug|Any CPU.ActiveCfg = Debug|Any CPU
		{21A056B6-D2D7-4E82-B544-D1FE31045692}.Debug|Any CPU.Build.0 = Debug|Any CPU
		{21A056B6-D2D7-4E82-B544-D1FE31045692}.Release|Any CPU.ActiveCfg = Release|Any CPU
		{21A056B6-D2D7-4E82-B544-D1FE31045692}.Release|Any CPU.Build.0 = Release|Any CPU
	EndGlobalSection
	GlobalSection(SolutionProperties) = preSolution
		HideSolutionNode = FALSE
	EndGlobalSection
	GlobalSection(ExtensibilityGlobals) = postSolution
		SolutionGuid = {E674A536-2E5F-41A5-A941-FAF179909FA9}
	EndGlobalSection
EndGlobal
